
Microsoft Visual Studio Solution File, Format Version 12.00
# Visual Studio Version 16
VisualStudioVersion = 16.0.31005.135
MinimumVisualStudioVersion = 10.0.40219.1
Project("{9A19103F-16F7-4668-BE54-9A1E7A4F7556}") = "ContosoCrafts.WebSite", "ContosoCrafts.WebSite\ContosoCrafts.WebSite.csproj", "{799E0B5A-1D49-47E6-B101-F8BF5D188E1A}"
EndProject
Global
	GlobalSection(SolutionConfigurationPlatforms) = preSolution
		Debug|Any CPU = Debug|Any CPU
		Release|Any CPU = Release|Any CPU
	EndGlobalSection
	GlobalSection(ProjectConfigurationPlatforms) = postSolution
		{799E0B5A-1D49-47E6-B101-F8BF5D188E1A}.Debug|Any CPU.ActiveCfg = Debug|Any CPU
		{799E0B5A-1D49-47E6-B101-F8BF5D188E1A}.Debug|Any CPU.Build.0 = Debug|Any CPU
		{799E0B5A-1D49-47E6-B101-F8BF5D188E1A}.Release|Any CPU.ActiveCfg = Release|Any CPU
		{799E0B5A-1D49-47E6-B101-F8BF5D188E1A}.Release|Any CPU.Build.0 = Release|Any CPU
	EndGlobalSection
	GlobalSection(SolutionProperties) = preSolution
		HideSolutionNode = FALSE
	EndGlobalSection
	GlobalSection(ExtensibilityGlobals) = postSolution
		SolutionGuid = {49E0CD93-CD7D-49D0-BFD1-302D57A9F88E}
	EndGlobalSection
EndGlobal
